
Microsoft Visual Studio Solution File, Format Version 12.00
Project("{FAE04EC0-301F-11D3-BF4B-00C04F79EFBC}") = "Read-Brainfuck", "Read-Brainfuck\Read-Brainfuck.csproj", "{248627A5-4549-4A84-B07B-CE0328CFE68F}"
EndProject
Global
	GlobalSection(SolutionConfigurationPlatforms) = preSolution
		Debug|Any CPU = Debug|Any CPU
		Release|Any CPU = Release|Any CPU
	EndGlobalSection
	GlobalSection(ProjectConfigurationPlatforms) = postSolution
		{248627A5-4549-4A84-B07B-CE0328CFE68F}.Debug|Any CPU.ActiveCfg = Debug|Any CPU
		{248627A5-4549-4A84-B07B-CE0328CFE68F}.Debug|Any CPU.Build.0 = Debug|Any CPU
		{248627A5-4549-4A84-B07B-CE0328CFE68F}.Release|Any CPU.ActiveCfg = Release|Any CPU
		{248627A5-4549-4A84-B07B-CE0328CFE68F}.Release|Any CPU.Build.0 = Release|Any CPU
	EndGlobalSection
EndGlobal
